// !$*UTF8*$!
{
	archiveVersion = 1;
	classes = {
	};
	objectVersion = 56;
	objects = {

/* Begin PBXBuildFile section */
		8812BE2C2AD12E9D00FC5B03 /* NewVersionReleasedView.swift in Sources */ = {isa = PBXBuildFile; fileRef = 8812BE2B2AD12E9D00FC5B03 /* NewVersionReleasedView.swift */; };
		88130E5E2AE8FF1E00807F9D /* LibraryView.swift in Sources */ = {isa = PBXBuildFile; fileRef = 88130E5D2AE8FF1E00807F9D /* LibraryView.swift */; };
		8822DBD22ADD332C00FE257F /* InfoPlist.strings in Resources */ = {isa = PBXBuildFile; fileRef = 8822DBD42ADD332C00FE257F /* InfoPlist.strings */; };
		882838412AC6BC5400F1CFC3 /* LoginView.swift in Sources */ = {isa = PBXBuildFile; fileRef = 882838402AC6BC5400F1CFC3 /* LoginView.swift */; };
		882838472AC6C74300F1CFC3 /* SDWebImageSwiftUI in Frameworks */ = {isa = PBXBuildFile; productRef = 882838462AC6C74300F1CFC3 /* SDWebImageSwiftUI */; };
		8846F4482AD8174500E90160 /* Localizable.strings in Resources */ = {isa = PBXBuildFile; fileRef = 8846F44A2AD8174500E90160 /* Localizable.strings */; };
		8862A3962AF096410021A7E7 /* CoachCroweBasic in Frameworks */ = {isa = PBXBuildFile; productRef = 8862A3952AF096410021A7E7 /* CoachCroweBasic */; };
		8862A3982AF096440021A7E7 /* CoachCroweViewModels in Frameworks */ = {isa = PBXBuildFile; productRef = 8862A3972AF096440021A7E7 /* CoachCroweViewModels */; };
		8862A39A2AF096480021A7E7 /* CoachCroweViewKit in Frameworks */ = {isa = PBXBuildFile; productRef = 8862A3992AF096480021A7E7 /* CoachCroweViewKit */; };
		886C46D22ACA7A5300E8E0B3 /* AnimateText in Frameworks */ = {isa = PBXBuildFile; productRef = 886C46D12ACA7A5300E8E0B3 /* AnimateText */; };
		88830D822AC5542C003312C6 /* InitializationView.swift in Sources */ = {isa = PBXBuildFile; fileRef = 88830D812AC5542C003312C6 /* InitializationView.swift */; };
		88B86AD82AC3DBCC006B54E4 /* CoachCroweApp.swift in Sources */ = {isa = PBXBuildFile; fileRef = 88B86AD72AC3DBCC006B54E4 /* CoachCroweApp.swift */; };
		88B86ADA2AC3DBCC006B54E4 /* MasterView.swift in Sources */ = {isa = PBXBuildFile; fileRef = 88B86AD92AC3DBCC006B54E4 /* MasterView.swift */; };
		88B86ADC2AC3DBCD006B54E4 /* Assets.xcassets in Resources */ = {isa = PBXBuildFile; fileRef = 88B86ADB2AC3DBCD006B54E4 /* Assets.xcassets */; };
		88BA67D22AE40D7000F414D4 /* Keys.swift in Sources */ = {isa = PBXBuildFile; fileRef = 88BA67D12AE40D7000F414D4 /* Keys.swift */; };
		88BA67D62AE4168D00F414D4 /* Tests.swift in Sources */ = {isa = PBXBuildFile; fileRef = 88BA67D52AE4168D00F414D4 /* Tests.swift */; };
		88E440BB2AC54A4A0067D73B /* LeanCloud in Frameworks */ = {isa = PBXBuildFile; productRef = 88E440BA2AC54A4A0067D73B /* LeanCloud */; };
/* End PBXBuildFile section */

/* Begin PBXFileReference section */
		8812BE2B2AD12E9D00FC5B03 /* NewVersionReleasedView.swift */ = {isa = PBXFileReference; lastKnownFileType = sourcecode.swift; path = NewVersionReleasedView.swift; sourceTree = "<group>"; };
		88130E5D2AE8FF1E00807F9D /* LibraryView.swift */ = {isa = PBXFileReference; lastKnownFileType = sourcecode.swift; path = LibraryView.swift; sourceTree = "<group>"; };
		8822DBD32ADD332C00FE257F /* zh-Hans */ = {isa = PBXFileReference; lastKnownFileType = text.plist.strings; name = "zh-Hans"; path = "zh-Hans.lproj/InfoPlist.strings"; sourceTree = "<group>"; };
		882838402AC6BC5400F1CFC3 /* LoginView.swift */ = {isa = PBXFileReference; lastKnownFileType = sourcecode.swift; path = LoginView.swift; sourceTree = "<group>"; };
		8846F4492AD8174500E90160 /* zh-Hans */ = {isa = PBXFileReference; lastKnownFileType = text.plist.strings; name = "zh-Hans"; path = "zh-Hans.lproj/Localizable.strings"; sourceTree = "<group>"; };
		884DAE842AC51E190056B52A /* CoachCroweBasic */ = {isa = PBXFileReference; lastKnownFileType = text; path = CoachCroweBasic; sourceTree = SOURCE_ROOT; };
		884DAE852AC51E460056B52A /* CoachCroweViewModels */ = {isa = PBXFileReference; lastKnownFileType = wrapper; path = CoachCroweViewModels; sourceTree = "<group>"; };
		884DAE862AC51E690056B52A /* CoachCroweViewKit */ = {isa = PBXFileReference; lastKnownFileType = wrapper; path = CoachCroweViewKit; sourceTree = "<group>"; };
		88830D812AC5542C003312C6 /* InitializationView.swift */ = {isa = PBXFileReference; lastKnownFileType = sourcecode.swift; path = InitializationView.swift; sourceTree = "<group>"; };
		88B86AD42AC3DBCC006B54E4 /* CoachCrowe.app */ = {isa = PBXFileReference; explicitFileType = wrapper.application; includeInIndex = 0; path = CoachCrowe.app; sourceTree = BUILT_PRODUCTS_DIR; };
		88B86AD72AC3DBCC006B54E4 /* CoachCroweApp.swift */ = {isa = PBXFileReference; lastKnownFileType = sourcecode.swift; path = CoachCroweApp.swift; sourceTree = "<group>"; };
		88B86AD92AC3DBCC006B54E4 /* MasterView.swift */ = {isa = PBXFileReference; lastKnownFileType = sourcecode.swift; path = MasterView.swift; sourceTree = "<group>"; };
		88B86ADB2AC3DBCD006B54E4 /* Assets.xcassets */ = {isa = PBXFileReference; lastKnownFileType = folder.assetcatalog; path = Assets.xcassets; sourceTree = "<group>"; };
		88B86ADD2AC3DBCD006B54E4 /* CoachCrowe.entitlements */ = {isa = PBXFileReference; lastKnownFileType = text.plist.entitlements; path = CoachCrowe.entitlements; sourceTree = "<group>"; };
		88BA67D12AE40D7000F414D4 /* Keys.swift */ = {isa = PBXFileReference; lastKnownFileType = sourcecode.swift; path = Keys.swift; sourceTree = "<group>"; };
		88BA67D52AE4168D00F414D4 /* Tests.swift */ = {isa = PBXFileReference; lastKnownFileType = sourcecode.swift; path = Tests.swift; sourceTree = "<group>"; };
/* End PBXFileReference section */

/* Begin PBXFrameworksBuildPhase section */
		88B86AD12AC3DBCC006B54E4 /* Frameworks */ = {
			isa = PBXFrameworksBuildPhase;
			buildActionMask = 2147483647;
			files = (
				8862A39A2AF096480021A7E7 /* CoachCroweViewKit in Frameworks */,
				8862A3982AF096440021A7E7 /* CoachCroweViewModels in Frameworks */,
				882838472AC6C74300F1CFC3 /* SDWebImageSwiftUI in Frameworks */,
				88E440BB2AC54A4A0067D73B /* LeanCloud in Frameworks */,
				886C46D22ACA7A5300E8E0B3 /* AnimateText in Frameworks */,
				8862A3962AF096410021A7E7 /* CoachCroweBasic in Frameworks */,
			);
			runOnlyForDeploymentPostprocessing = 0;
		};
/* End PBXFrameworksBuildPhase section */

/* Begin PBXGroup section */
		88413FC32AC5384800FF7090 /* Frameworks */ = {
			isa = PBXGroup;
			children = (
			);
			name = Frameworks;
			sourceTree = "<group>";
		};
		889F93DF2ACBF7C9003932B5 /* Resources */ = {
			isa = PBXGroup;
			children = (
				88B86ADB2AC3DBCD006B54E4 /* Assets.xcassets */,
				8846F44A2AD8174500E90160 /* Localizable.strings */,
				8822DBD42ADD332C00FE257F /* InfoPlist.strings */,
				88BA67D12AE40D7000F414D4 /* Keys.swift */,
			);
			path = Resources;
			sourceTree = "<group>";
		};
		88B86ACB2AC3DBCC006B54E4 = {
			isa = PBXGroup;
			children = (
				88B86AD62AC3DBCC006B54E4 /* CoachCrowe */,
				884DAE842AC51E190056B52A /* CoachCroweBasic */,
				884DAE852AC51E460056B52A /* CoachCroweViewModels */,
				884DAE862AC51E690056B52A /* CoachCroweViewKit */,
				88B86AD52AC3DBCC006B54E4 /* Products */,
				88413FC32AC5384800FF7090 /* Frameworks */,
			);
			sourceTree = "<group>";
		};
		88B86AD52AC3DBCC006B54E4 /* Products */ = {
			isa = PBXGroup;
			children = (
				88B86AD42AC3DBCC006B54E4 /* CoachCrowe.app */,
			);
			name = Products;
			sourceTree = "<group>";
		};
		88B86AD62AC3DBCC006B54E4 /* CoachCrowe */ = {
			isa = PBXGroup;
			children = (
				889F93DF2ACBF7C9003932B5 /* Resources */,
				88B86ADD2AC3DBCD006B54E4 /* CoachCrowe.entitlements */,
				88B86AD72AC3DBCC006B54E4 /* CoachCroweApp.swift */,
				88B86AD92AC3DBCC006B54E4 /* MasterView.swift */,
				88DEE4352AE510860085E2F0 /* Initialization */,
				88DEE4342AE510580085E2F0 /* Library */,
				88BA67D42AE4167B00F414D4 /* Tests */,
			);
			path = CoachCrowe;
			sourceTree = "<group>";
		};
		88BA67D42AE4167B00F414D4 /* Tests */ = {
			isa = PBXGroup;
			children = (
				88BA67D52AE4168D00F414D4 /* Tests.swift */,
			);
			path = Tests;
			sourceTree = "<group>";
		};
		88DEE4342AE510580085E2F0 /* Library */ = {
			isa = PBXGroup;
			children = (
				88130E5D2AE8FF1E00807F9D /* LibraryView.swift */,
			);
			path = Library;
			sourceTree = "<group>";
		};
		88DEE4352AE510860085E2F0 /* Initialization */ = {
			isa = PBXGroup;
			children = (
				88830D812AC5542C003312C6 /* InitializationView.swift */,
				882838402AC6BC5400F1CFC3 /* LoginView.swift */,
				8812BE2B2AD12E9D00FC5B03 /* NewVersionReleasedView.swift */,
			);
			path = Initialization;
			sourceTree = "<group>";
		};
/* End PBXGroup section */

/* Begin PBXNativeTarget section */
		88B86AD32AC3DBCC006B54E4 /* CoachCrowe */ = {
			isa = PBXNativeTarget;
			buildConfigurationList = 88B86AE32AC3DBCD006B54E4 /* Build configuration list for PBXNativeTarget "CoachCrowe" */;
			buildPhases = (
				88B86AD02AC3DBCC006B54E4 /* Sources */,
				88B86AD12AC3DBCC006B54E4 /* Frameworks */,
				88B86AD22AC3DBCC006B54E4 /* Resources */,
			);
			buildRules = (
			);
			dependencies = (
			);
			name = CoachCrowe;
			packageProductDependencies = (
				88E440BA2AC54A4A0067D73B /* LeanCloud */,
				882838462AC6C74300F1CFC3 /* SDWebImageSwiftUI */,
				886C46D12ACA7A5300E8E0B3 /* AnimateText */,
				8862A3952AF096410021A7E7 /* CoachCroweBasic */,
				8862A3972AF096440021A7E7 /* CoachCroweViewModels */,
				8862A3992AF096480021A7E7 /* CoachCroweViewKit */,
			);
			productName = CoachCrowe;
			productReference = 88B86AD42AC3DBCC006B54E4 /* CoachCrowe.app */;
			productType = "com.apple.product-type.application";
		};
/* End PBXNativeTarget section */

/* Begin PBXProject section */
		88B86ACC2AC3DBCC006B54E4 /* Project object */ = {
			isa = PBXProject;
			attributes = {
				BuildIndependentTargetsInParallel = 1;
				LastSwiftUpdateCheck = 1500;
				LastUpgradeCheck = 1500;
				TargetAttributes = {
					88B86AD32AC3DBCC006B54E4 = {
						CreatedOnToolsVersion = 15.0;
					};
				};
			};
			buildConfigurationList = 88B86ACF2AC3DBCC006B54E4 /* Build configuration list for PBXProject "CoachCrowe" */;
			compatibilityVersion = "Xcode 14.0";
			developmentRegion = en;
			hasScannedForEncodings = 0;
			knownRegions = (
				en,
				Base,
				"zh-Hans",
			);
			mainGroup = 88B86ACB2AC3DBCC006B54E4;
			packageReferences = (
				88E440B92AC54A4A0067D73B /* XCRemoteSwiftPackageReference "swift-sdk" */,
				882838452AC6C74200F1CFC3 /* XCRemoteSwiftPackageReference "SDWebImageSwiftUI" */,
				886C46D02ACA7A5300E8E0B3 /* XCRemoteSwiftPackageReference "AnimateText" */,
			);
			productRefGroup = 88B86AD52AC3DBCC006B54E4 /* Products */;
			projectDirPath = "";
			projectRoot = "";
			targets = (
				88B86AD32AC3DBCC006B54E4 /* CoachCrowe */,
			);
		};
/* End PBXProject section */

/* Begin PBXResourcesBuildPhase section */
		88B86AD22AC3DBCC006B54E4 /* Resources */ = {
			isa = PBXResourcesBuildPhase;
			buildActionMask = 2147483647;
			files = (
				88B86ADC2AC3DBCD006B54E4 /* Assets.xcassets in Resources */,
				8822DBD22ADD332C00FE257F /* InfoPlist.strings in Resources */,
				8846F4482AD8174500E90160 /* Localizable.strings in Resources */,
			);
			runOnlyForDeploymentPostprocessing = 0;
		};
/* End PBXResourcesBuildPhase section */

/* Begin PBXSourcesBuildPhase section */
		88B86AD02AC3DBCC006B54E4 /* Sources */ = {
			isa = PBXSourcesBuildPhase;
			buildActionMask = 2147483647;
			files = (
				88BA67D62AE4168D00F414D4 /* Tests.swift in Sources */,
				882838412AC6BC5400F1CFC3 /* LoginView.swift in Sources */,
				88BA67D22AE40D7000F414D4 /* Keys.swift in Sources */,
				88B86ADA2AC3DBCC006B54E4 /* MasterView.swift in Sources */,
				88130E5E2AE8FF1E00807F9D /* LibraryView.swift in Sources */,
				8812BE2C2AD12E9D00FC5B03 /* NewVersionReleasedView.swift in Sources */,
				88830D822AC5542C003312C6 /* InitializationView.swift in Sources */,
				88B86AD82AC3DBCC006B54E4 /* CoachCroweApp.swift in Sources */,
			);
			runOnlyForDeploymentPostprocessing = 0;
		};
/* End PBXSourcesBuildPhase section */

/* Begin PBXVariantGroup section */
		8822DBD42ADD332C00FE257F /* InfoPlist.strings */ = {
			isa = PBXVariantGroup;
			children = (
				8822DBD32ADD332C00FE257F /* zh-Hans */,
			);
			name = InfoPlist.strings;
			sourceTree = "<group>";
		};
		8846F44A2AD8174500E90160 /* Localizable.strings */ = {
			isa = PBXVariantGroup;
			children = (
				8846F4492AD8174500E90160 /* zh-Hans */,
			);
			name = Localizable.strings;
			sourceTree = "<group>";
		};
/* End PBXVariantGroup section */

/* Begin XCBuildConfiguration section */
		88B86AE12AC3DBCD006B54E4 /* Debug */ = {
			isa = XCBuildConfiguration;
			buildSettings = {
				ALWAYS_SEARCH_USER_PATHS = NO;
				ASSETCATALOG_COMPILER_GENERATE_SWIFT_ASSET_SYMBOL_EXTENSIONS = YES;
				CLANG_ANALYZER_NONNULL = YES;
				CLANG_ANALYZER_NUMBER_OBJECT_CONVERSION = YES_AGGRESSIVE;
				CLANG_CXX_LANGUAGE_STANDARD = "gnu++20";
				CLANG_ENABLE_MODULES = YES;
				CLANG_ENABLE_OBJC_ARC = YES;
				CLANG_ENABLE_OBJC_WEAK = YES;
				CLANG_WARN_BLOCK_CAPTURE_AUTORELEASING = YES;
				CLANG_WARN_BOOL_CONVERSION = YES;
				CLANG_WARN_COMMA = YES;
				CLANG_WARN_CONSTANT_CONVERSION = YES;
				CLANG_WARN_DEPRECATED_OBJC_IMPLEMENTATIONS = YES;
				CLANG_WARN_DIRECT_OBJC_ISA_USAGE = YES_ERROR;
				CLANG_WARN_DOCUMENTATION_COMMENTS = YES;
				CLANG_WARN_EMPTY_BODY = YES;
				CLANG_WARN_ENUM_CONVERSION = YES;
				CLANG_WARN_INFINITE_RECURSION = YES;
				CLANG_WARN_INT_CONVERSION = YES;
				CLANG_WARN_NON_LITERAL_NULL_CONVERSION = YES;
				CLANG_WARN_OBJC_IMPLICIT_RETAIN_SELF = YES;
				CLANG_WARN_OBJC_LITERAL_CONVERSION = YES;
				CLANG_WARN_OBJC_ROOT_CLASS = YES_ERROR;
				CLANG_WARN_QUOTED_INCLUDE_IN_FRAMEWORK_HEADER = YES;
				CLANG_WARN_RANGE_LOOP_ANALYSIS = YES;
				CLANG_WARN_STRICT_PROTOTYPES = YES;
				CLANG_WARN_SUSPICIOUS_MOVE = YES;
				CLANG_WARN_UNGUARDED_AVAILABILITY = YES_AGGRESSIVE;
				CLANG_WARN_UNREACHABLE_CODE = YES;
				CLANG_WARN__DUPLICATE_METHOD_MATCH = YES;
				COPY_PHASE_STRIP = NO;
				DEBUG_INFORMATION_FORMAT = dwarf;
				ENABLE_STRICT_OBJC_MSGSEND = YES;
				ENABLE_TESTABILITY = YES;
				ENABLE_USER_SCRIPT_SANDBOXING = YES;
				GCC_C_LANGUAGE_STANDARD = gnu17;
				GCC_DYNAMIC_NO_PIC = NO;
				GCC_NO_COMMON_BLOCKS = YES;
				GCC_OPTIMIZATION_LEVEL = 0;
				GCC_PREPROCESSOR_DEFINITIONS = (
					"DEBUG=1",
					"$(inherited)",
				);
				GCC_WARN_64_TO_32_BIT_CONVERSION = YES;
				GCC_WARN_ABOUT_RETURN_TYPE = YES_ERROR;
				GCC_WARN_UNDECLARED_SELECTOR = YES;
				GCC_WARN_UNINITIALIZED_AUTOS = YES_AGGRESSIVE;
				GCC_WARN_UNUSED_FUNCTION = YES;
				GCC_WARN_UNUSED_VARIABLE = YES;
				IPHONEOS_DEPLOYMENT_TARGET = 15.0;
				LOCALIZATION_PREFERS_STRING_CATALOGS = YES;
				MTL_ENABLE_DEBUG_INFO = INCLUDE_SOURCE;
				MTL_FAST_MATH = YES;
				ONLY_ACTIVE_ARCH = YES;
				SWIFT_ACTIVE_COMPILATION_CONDITIONS = "DEBUG $(inherited)";
				SWIFT_OPTIMIZATION_LEVEL = "-Onone";
			};
			name = Debug;
		};
		88B86AE22AC3DBCD006B54E4 /* Release */ = {
			isa = XCBuildConfiguration;
			buildSettings = {
				ALWAYS_SEARCH_USER_PATHS = NO;
				ASSETCATALOG_COMPILER_GENERATE_SWIFT_ASSET_SYMBOL_EXTENSIONS = YES;
				CLANG_ANALYZER_NONNULL = YES;
				CLANG_ANALYZER_NUMBER_OBJECT_CONVERSION = YES_AGGRESSIVE;
				CLANG_CXX_LANGUAGE_STANDARD = "gnu++20";
				CLANG_ENABLE_MODULES = YES;
				CLANG_ENABLE_OBJC_ARC = YES;
				CLANG_ENABLE_OBJC_WEAK = YES;
				CLANG_WARN_BLOCK_CAPTURE_AUTORELEASING = YES;
				CLANG_WARN_BOOL_CONVERSION = YES;
				CLANG_WARN_COMMA = YES;
				CLANG_WARN_CONSTANT_CONVERSION = YES;
				CLANG_WARN_DEPRECATED_OBJC_IMPLEMENTATIONS = YES;
				CLANG_WARN_DIRECT_OBJC_ISA_USAGE = YES_ERROR;
				CLANG_WARN_DOCUMENTATION_COMMENTS = YES;
				CLANG_WARN_EMPTY_BODY = YES;
				CLANG_WARN_ENUM_CONVERSION = YES;
				CLANG_WARN_INFINITE_RECURSION = YES;
				CLANG_WARN_INT_CONVERSION = YES;
				CLANG_WARN_NON_LITERAL_NULL_CONVERSION = YES;
				CLANG_WARN_OBJC_IMPLICIT_RETAIN_SELF = YES;
				CLANG_WARN_OBJC_LITERAL_CONVERSION = YES;
				CLANG_WARN_OBJC_ROOT_CLASS = YES_ERROR;
				CLANG_WARN_QUOTED_INCLUDE_IN_FRAMEWORK_HEADER = YES;
				CLANG_WARN_RANGE_LOOP_ANALYSIS = YES;
				CLANG_WARN_STRICT_PROTOTYPES = YES;
				CLANG_WARN_SUSPICIOUS_MOVE = YES;
				CLANG_WARN_UNGUARDED_AVAILABILITY = YES_AGGRESSIVE;
				CLANG_WARN_UNREACHABLE_CODE = YES;
				CLANG_WARN__DUPLICATE_METHOD_MATCH = YES;
				COPY_PHASE_STRIP = NO;
				DEBUG_INFORMATION_FORMAT = "dwarf-with-dsym";
				ENABLE_NS_ASSERTIONS = NO;
				ENABLE_STRICT_OBJC_MSGSEND = YES;
				ENABLE_USER_SCRIPT_SANDBOXING = YES;
				GCC_C_LANGUAGE_STANDARD = gnu17;
				GCC_NO_COMMON_BLOCKS = YES;
				GCC_WARN_64_TO_32_BIT_CONVERSION = YES;
				GCC_WARN_ABOUT_RETURN_TYPE = YES_ERROR;
				GCC_WARN_UNDECLARED_SELECTOR = YES;
				GCC_WARN_UNINITIALIZED_AUTOS = YES_AGGRESSIVE;
				GCC_WARN_UNUSED_FUNCTION = YES;
				GCC_WARN_UNUSED_VARIABLE = YES;
				IPHONEOS_DEPLOYMENT_TARGET = 15.0;
				LOCALIZATION_PREFERS_STRING_CATALOGS = YES;
				MTL_ENABLE_DEBUG_INFO = NO;
				MTL_FAST_MATH = YES;
				SWIFT_COMPILATION_MODE = wholemodule;
			};
			name = Release;
		};
		88B86AE42AC3DBCD006B54E4 /* Debug */ = {
			isa = XCBuildConfiguration;
			buildSettings = {
				ASSETCATALOG_COMPILER_APPICON_NAME = AppIcon;
				ASSETCATALOG_COMPILER_GLOBAL_ACCENT_COLOR_NAME = AccentColor;
				CODE_SIGN_ENTITLEMENTS = CoachCrowe/CoachCrowe.entitlements;
				CODE_SIGN_STYLE = Automatic;
				CURRENT_PROJECT_VERSION = 1;
				DEVELOPMENT_ASSET_PATHS = "";
				DEVELOPMENT_TEAM = 4A4NWTSHC9;
				ENABLE_HARDENED_RUNTIME = YES;
				ENABLE_PREVIEWS = YES;
				GENERATE_INFOPLIST_FILE = YES;
				INFOPLIST_KEY_CFBundleDisplayName = "Coach Crowe";
				INFOPLIST_KEY_LSApplicationCategoryType = "public.app-category.sports";
				"INFOPLIST_KEY_UIApplicationSceneManifest_Generation[sdk=iphoneos*]" = YES;
				"INFOPLIST_KEY_UIApplicationSceneManifest_Generation[sdk=iphonesimulator*]" = YES;
				"INFOPLIST_KEY_UIApplicationSupportsIndirectInputEvents[sdk=iphoneos*]" = YES;
				"INFOPLIST_KEY_UIApplicationSupportsIndirectInputEvents[sdk=iphonesimulator*]" = YES;
				"INFOPLIST_KEY_UILaunchScreen_Generation[sdk=iphoneos*]" = YES;
				"INFOPLIST_KEY_UILaunchScreen_Generation[sdk=iphonesimulator*]" = YES;
				"INFOPLIST_KEY_UIStatusBarStyle[sdk=iphoneos*]" = UIStatusBarStyleDefault;
				"INFOPLIST_KEY_UIStatusBarStyle[sdk=iphonesimulator*]" = UIStatusBarStyleDefault;
				INFOPLIST_KEY_UISupportedInterfaceOrientations = UIInterfaceOrientationPortrait;
				IPHONEOS_DEPLOYMENT_TARGET = 15.0;
				LD_RUNPATH_SEARCH_PATHS = "@executable_path/Frameworks";
				"LD_RUNPATH_SEARCH_PATHS[sdk=macosx*]" = "@executable_path/../Frameworks";
				MACOSX_DEPLOYMENT_TARGET = 14.0;
				MARKETING_VERSION = 1.0;
				PRODUCT_BUNDLE_IDENTIFIER = NorCrowE.CoachCrowe;
				PRODUCT_NAME = "$(TARGET_NAME)";
				SDKROOT = auto;
				SUPPORTED_PLATFORMS = "iphoneos iphonesimulator";
				SUPPORTS_MACCATALYST = NO;
				SUPPORTS_MAC_DESIGNED_FOR_IPHONE_IPAD = NO;
				SUPPORTS_XR_DESIGNED_FOR_IPHONE_IPAD = NO;
				SWIFT_EMIT_LOC_STRINGS = YES;
				SWIFT_VERSION = 5.0;
				TARGETED_DEVICE_FAMILY = "1,2";
			};
			name = Debug;
		};
		88B86AE52AC3DBCD006B54E4 /* Release */ = {
			isa = XCBuildConfiguration;
			buildSettings = {
				ASSETCATALOG_COMPILER_APPICON_NAME = AppIcon;
				ASSETCATALOG_COMPILER_GLOBAL_ACCENT_COLOR_NAME = AccentColor;
				CODE_SIGN_ENTITLEMENTS = CoachCrowe/CoachCrowe.entitlements;
				CODE_SIGN_STYLE = Automatic;
				CURRENT_PROJECT_VERSION = 1;
				DEVELOPMENT_ASSET_PATHS = "";
				DEVELOPMENT_TEAM = 4A4NWTSHC9;
				ENABLE_HARDENED_RUNTIME = YES;
				ENABLE_PREVIEWS = YES;
				GENERATE_INFOPLIST_FILE = YES;
				INFOPLIST_KEY_CFBundleDisplayName = "Coach Crowe";
				INFOPLIST_KEY_LSApplicationCategoryType = "public.app-category.sports";
				"INFOPLIST_KEY_UIApplicationSceneManifest_Generation[sdk=iphoneos*]" = YES;
				"INFOPLIST_KEY_UIApplicationSceneManifest_Generation[sdk=iphonesimulator*]" = YES;
				"INFOPLIST_KEY_UIApplicationSupportsIndirectInputEvents[sdk=iphoneos*]" = YES;
				"INFOPLIST_KEY_UIApplicationSupportsIndirectInputEvents[sdk=iphonesimulator*]" = YES;
				"INFOPLIST_KEY_UILaunchScreen_Generation[sdk=iphoneos*]" = YES;
				"INFOPLIST_KEY_UILaunchScreen_Generation[sdk=iphonesimulator*]" = YES;
				"INFOPLIST_KEY_UIStatusBarStyle[sdk=iphoneos*]" = UIStatusBarStyleDefault;
				"INFOPLIST_KEY_UIStatusBarStyle[sdk=iphonesimulator*]" = UIStatusBarStyleDefault;
				INFOPLIST_KEY_UISupportedInterfaceOrientations = UIInterfaceOrientationPortrait;
				IPHONEOS_DEPLOYMENT_TARGET = 15.0;
				LD_RUNPATH_SEARCH_PATHS = "@executable_path/Frameworks";
				"LD_RUNPATH_SEARCH_PATHS[sdk=macosx*]" = "@executable_path/../Frameworks";
				MACOSX_DEPLOYMENT_TARGET = 14.0;
				MARKETING_VERSION = 1.0;
				PRODUCT_BUNDLE_IDENTIFIER = NorCrowE.CoachCrowe;
				PRODUCT_NAME = "$(TARGET_NAME)";
				SDKROOT = auto;
				SUPPORTED_PLATFORMS = "iphoneos iphonesimulator";
				SUPPORTS_MACCATALYST = NO;
				SUPPORTS_MAC_DESIGNED_FOR_IPHONE_IPAD = NO;
				SUPPORTS_XR_DESIGNED_FOR_IPHONE_IPAD = NO;
				SWIFT_EMIT_LOC_STRINGS = YES;
				SWIFT_VERSION = 5.0;
				TARGETED_DEVICE_FAMILY = "1,2";
			};
			name = Release;
		};
/* End XCBuildConfiguration section */

/* Begin XCConfigurationList section */
		88B86ACF2AC3DBCC006B54E4 /* Build configuration list for PBXProject "CoachCrowe" */ = {
			isa = XCConfigurationList;
			buildConfigurations = (
				88B86AE12AC3DBCD006B54E4 /* Debug */,
				88B86AE22AC3DBCD006B54E4 /* Release */,
			);
			defaultConfigurationIsVisible = 0;
			defaultConfigurationName = Release;
		};
		88B86AE32AC3DBCD006B54E4 /* Build configuration list for PBXNativeTarget "CoachCrowe" */ = {
			isa = XCConfigurationList;
			buildConfigurations = (
				88B86AE42AC3DBCD006B54E4 /* Debug */,
				88B86AE52AC3DBCD006B54E4 /* Release */,
			);
			defaultConfigurationIsVisible = 0;
			defaultConfigurationName = Release;
		};
/* End XCConfigurationList section */

/* Begin XCRemoteSwiftPackageReference section */
		882838452AC6C74200F1CFC3 /* XCRemoteSwiftPackageReference "SDWebImageSwiftUI" */ = {
			isa = XCRemoteSwiftPackageReference;
			repositoryURL = "https://github.com/SDWebImage/SDWebImageSwiftUI";
			requirement = {
				kind = upToNextMajorVersion;
				minimumVersion = 2.2.3;
			};
		};
		886C46D02ACA7A5300E8E0B3 /* XCRemoteSwiftPackageReference "AnimateText" */ = {
			isa = XCRemoteSwiftPackageReference;
			repositoryURL = "https://github.com/jasudev/AnimateText";
			requirement = {
				kind = upToNextMajorVersion;
				minimumVersion = 0.5.0;
			};
		};
		88E440B92AC54A4A0067D73B /* XCRemoteSwiftPackageReference "swift-sdk" */ = {
			isa = XCRemoteSwiftPackageReference;
			repositoryURL = "https://github.com/leancloud/swift-sdk";
			requirement = {
				kind = upToNextMajorVersion;
				minimumVersion = 17.11.0;
			};
		};
/* End XCRemoteSwiftPackageReference section */

/* Begin XCSwiftPackageProductDependency section */
		882838462AC6C74300F1CFC3 /* SDWebImageSwiftUI */ = {
			isa = XCSwiftPackageProductDependency;
			package = 882838452AC6C74200F1CFC3 /* XCRemoteSwiftPackageReference "SDWebImageSwiftUI" */;
			productName = SDWebImageSwiftUI;
		};
		8862A3952AF096410021A7E7 /* CoachCroweBasic */ = {
			isa = XCSwiftPackageProductDependency;
			productName = CoachCroweBasic;
		};
		8862A3972AF096440021A7E7 /* CoachCroweViewModels */ = {
			isa = XCSwiftPackageProductDependency;
			productName = CoachCroweViewModels;
		};
		8862A3992AF096480021A7E7 /* CoachCroweViewKit */ = {
			isa = XCSwiftPackageProductDependency;
			productName = CoachCroweViewKit;
		};
		886C46D12ACA7A5300E8E0B3 /* AnimateText */ = {
			isa = XCSwiftPackageProductDependency;
			package = 886C46D02ACA7A5300E8E0B3 /* XCRemoteSwiftPackageReference "AnimateText" */;
			productName = AnimateText;
		};
		88E440BA2AC54A4A0067D73B /* LeanCloud */ = {
			isa = XCSwiftPackageProductDependency;
			package = 88E440B92AC54A4A0067D73B /* XCRemoteSwiftPackageReference "swift-sdk" */;
			productName = LeanCloud;
		};
/* End XCSwiftPackageProductDependency section */
	};
	rootObject = 88B86ACC2AC3DBCC006B54E4 /* Project object */;
}
